
Microsoft Visual Studio Solution File, Format Version 12.00
# Visual Studio Version 17
VisualStudioVersion = 17.0.32014.148
MinimumVisualStudioVersion = 10.0.40219.1
Project("{FAE04EC0-301F-11D3-BF4B-00C04F79EFBC}") = "Authy_Console", "Authy_Console\Authy_Console.csproj", "{663EC8E0-E23F-4D9C-A5B0-1EB7E31C4F9A}"
EndProject
Project("{FAE04EC0-301F-11D3-BF4B-00C04F79EFBC}") = "Authy_CL", "..\Authy_CL\Authy_CL.csproj", "{5AC7B944-2287-4BD6-9DD9-7F7796E82FF4}"
EndProject
Global
	GlobalSection(SolutionConfigurationPlatforms) = preSolution
		Debug|Any CPU = Debug|Any CPU
		Release|Any CPU = Release|Any CPU
	EndGlobalSection
	GlobalSection(ProjectConfigurationPlatforms) = postSolution
		{663EC8E0-E23F-4D9C-A5B0-1EB7E31C4F9A}.Debug|Any CPU.ActiveCfg = Debug|Any CPU
		{663EC8E0-E23F-4D9C-A5B0-1EB7E31C4F9A}.Debug|Any CPU.Build.0 = Debug|Any CPU
		{663EC8E0-E23F-4D9C-A5B0-1EB7E31C4F9A}.Release|Any CPU.ActiveCfg = Release|Any CPU
		{663EC8E0-E23F-4D9C-A5B0-1EB7E31C4F9A}.Release|Any CPU.Build.0 = Release|Any CPU
		{5AC7B944-2287-4BD6-9DD9-7F7796E82FF4}.Debug|Any CPU.ActiveCfg = Debug|Any CPU
		{5AC7B944-2287-4BD6-9DD9-7F7796E82FF4}.Debug|Any CPU.Build.0 = Debug|Any CPU
		{5AC7B944-2287-4BD6-9DD9-7F7796E82FF4}.Release|Any CPU.ActiveCfg = Release|Any CPU
		{5AC7B944-2287-4BD6-9DD9-7F7796E82FF4}.Release|Any CPU.Build.0 = Release|Any CPU
	EndGlobalSection
	GlobalSection(SolutionProperties) = preSolution
		HideSolutionNode = FALSE
	EndGlobalSection
	GlobalSection(ExtensibilityGlobals) = postSolution
		SolutionGuid = {BB1E9C57-026E-4D1E-B1E5-F0315DB917CB}
	EndGlobalSection
EndGlobal
